// !$*UTF8*$!
{
	archiveVersion = 1;
	classes = {
	};
	objectVersion = 56;
	objects = {

/* Begin PBXBuildFile section */
		636156EE2A19E3FA003DB696 /* PersonInputView.swift in Sources */ = {isa = PBXBuildFile; fileRef = 636156ED2A19E3FA003DB696 /* PersonInputView.swift */; };
		636156F02A19E408003DB696 /* ResultView.swift in Sources */ = {isa = PBXBuildFile; fileRef = 636156EF2A19E408003DB696 /* ResultView.swift */; };
		636156F32A19E620003DB696 /* PostSample.json in Resources */ = {isa = PBXBuildFile; fileRef = 636156F22A19E620003DB696 /* PostSample.json */; };
		636156F52A19E641003DB696 /* ResultSample.json in Resources */ = {isa = PBXBuildFile; fileRef = 636156F42A19E641003DB696 /* ResultSample.json */; };
		63B0C86B2A15C996002F1E77 /* PrefectureCompatibilityCheckerApp.swift in Sources */ = {isa = PBXBuildFile; fileRef = 63B0C86A2A15C996002F1E77 /* PrefectureCompatibilityCheckerApp.swift */; };
		63B0C86D2A15C996002F1E77 /* ContentView.swift in Sources */ = {isa = PBXBuildFile; fileRef = 63B0C86C2A15C996002F1E77 /* ContentView.swift */; };
		63B0C86F2A15C998002F1E77 /* Assets.xcassets in Resources */ = {isa = PBXBuildFile; fileRef = 63B0C86E2A15C998002F1E77 /* Assets.xcassets */; };
		63B0C8722A15C998002F1E77 /* Preview Assets.xcassets in Resources */ = {isa = PBXBuildFile; fileRef = 63B0C8712A15C998002F1E77 /* Preview Assets.xcassets */; };
		63B0C87B2A15CC70002F1E77 /* .gitignore in Resources */ = {isa = PBXBuildFile; fileRef = 63B0C87A2A15CC70002F1E77 /* .gitignore */; };
		63B0C87E2A162628002F1E77 /* Person.swift in Sources */ = {isa = PBXBuildFile; fileRef = 63B0C87D2A162628002F1E77 /* Person.swift */; };
		63B0C8802A162637002F1E77 /* FortuneResult.swift in Sources */ = {isa = PBXBuildFile; fileRef = 63B0C87F2A162637002F1E77 /* FortuneResult.swift */; };
		63B0C8842A170A5A002F1E77 /* PrefectureCompatibilityChecker.swift in Sources */ = {isa = PBXBuildFile; fileRef = 63B0C8832A170A5A002F1E77 /* PrefectureCompatibilityChecker.swift */; };
		63E8FE7F2A1B409100FC5F17 /* ViewModel.swift in Sources */ = {isa = PBXBuildFile; fileRef = 63E8FE7E2A1B409100FC5F17 /* ViewModel.swift */; };
/* End PBXBuildFile section */

/* Begin PBXFileReference section */
		636156ED2A19E3FA003DB696 /* PersonInputView.swift */ = {isa = PBXFileReference; lastKnownFileType = sourcecode.swift; path = PersonInputView.swift; sourceTree = "<group>"; };
		636156EF2A19E408003DB696 /* ResultView.swift */ = {isa = PBXFileReference; lastKnownFileType = sourcecode.swift; path = ResultView.swift; sourceTree = "<group>"; };
		636156F22A19E620003DB696 /* PostSample.json */ = {isa = PBXFileReference; lastKnownFileType = text.json; path = PostSample.json; sourceTree = "<group>"; };
		636156F42A19E641003DB696 /* ResultSample.json */ = {isa = PBXFileReference; lastKnownFileType = text.json; path = ResultSample.json; sourceTree = "<group>"; };
		63B0C8672A15C996002F1E77 /* PrefectureCompatibilityChecker.app */ = {isa = PBXFileReference; explicitFileType = wrapper.application; includeInIndex = 0; path = PrefectureCompatibilityChecker.app; sourceTree = BUILT_PRODUCTS_DIR; };
		63B0C86A2A15C996002F1E77 /* PrefectureCompatibilityCheckerApp.swift */ = {isa = PBXFileReference; lastKnownFileType = sourcecode.swift; path = PrefectureCompatibilityCheckerApp.swift; sourceTree = "<group>"; };
		63B0C86C2A15C996002F1E77 /* ContentView.swift */ = {isa = PBXFileReference; lastKnownFileType = sourcecode.swift; path = ContentView.swift; sourceTree = "<group>"; };
		63B0C86E2A15C998002F1E77 /* Assets.xcassets */ = {isa = PBXFileReference; lastKnownFileType = folder.assetcatalog; path = Assets.xcassets; sourceTree = "<group>"; };
		63B0C8712A15C998002F1E77 /* Preview Assets.xcassets */ = {isa = PBXFileReference; lastKnownFileType = folder.assetcatalog; path = "Preview Assets.xcassets"; sourceTree = "<group>"; };
		63B0C87A2A15CC70002F1E77 /* .gitignore */ = {isa = PBXFileReference; fileEncoding = 4; lastKnownFileType = text; path = .gitignore; sourceTree = "<group>"; };
		63B0C87D2A162628002F1E77 /* Person.swift */ = {isa = PBXFileReference; lastKnownFileType = sourcecode.swift; path = Person.swift; sourceTree = "<group>"; };
		63B0C87F2A162637002F1E77 /* FortuneResult.swift */ = {isa = PBXFileReference; lastKnownFileType = sourcecode.swift; path = FortuneResult.swift; sourceTree = "<group>"; };
		63B0C8832A170A5A002F1E77 /* PrefectureCompatibilityChecker.swift */ = {isa = PBXFileReference; lastKnownFileType = sourcecode.swift; path = PrefectureCompatibilityChecker.swift; sourceTree = "<group>"; };
		63E8FE7E2A1B409100FC5F17 /* ViewModel.swift */ = {isa = PBXFileReference; lastKnownFileType = sourcecode.swift; name = ViewModel.swift; path = PrefectureCompatibilityChecker/Models/ViewModel.swift; sourceTree = SOURCE_ROOT; };
/* End PBXFileReference section */

/* Begin PBXFrameworksBuildPhase section */
		63B0C8642A15C996002F1E77 /* Frameworks */ = {
			isa = PBXFrameworksBuildPhase;
			buildActionMask = 2147483647;
			files = (
			);
			runOnlyForDeploymentPostprocessing = 0;
		};
/* End PBXFrameworksBuildPhase section */

/* Begin PBXGroup section */
		636156EC2A19E3CF003DB696 /* Views */ = {
			isa = PBXGroup;
			children = (
				636156ED2A19E3FA003DB696 /* PersonInputView.swift */,
				63E8FE7E2A1B409100FC5F17 /* ViewModel.swift */,
				636156EF2A19E408003DB696 /* ResultView.swift */,
			);
			path = Views;
			sourceTree = "<group>";
		};
		636156F12A19E5BA003DB696 /* JSON sample */ = {
			isa = PBXGroup;
			children = (
				636156F22A19E620003DB696 /* PostSample.json */,
				636156F42A19E641003DB696 /* ResultSample.json */,
			);
			path = "JSON sample";
			sourceTree = "<group>";
		};
		63B0C85E2A15C996002F1E77 = {
			isa = PBXGroup;
			children = (
				63B0C87A2A15CC70002F1E77 /* .gitignore */,
				63B0C8692A15C996002F1E77 /* PrefectureCompatibilityChecker */,
				63B0C8682A15C996002F1E77 /* Products */,
			);
			sourceTree = "<group>";
		};
		63B0C8682A15C996002F1E77 /* Products */ = {
			isa = PBXGroup;
			children = (
				63B0C8672A15C996002F1E77 /* PrefectureCompatibilityChecker.app */,
			);
			name = Products;
			sourceTree = "<group>";
		};
		63B0C8692A15C996002F1E77 /* PrefectureCompatibilityChecker */ = {
			isa = PBXGroup;
			children = (
				636156F12A19E5BA003DB696 /* JSON sample */,
				63B0C86A2A15C996002F1E77 /* PrefectureCompatibilityCheckerApp.swift */,
				63B0C86C2A15C996002F1E77 /* ContentView.swift */,
				636156EC2A19E3CF003DB696 /* Views */,
				63B0C87C2A1625C8002F1E77 /* Models */,
				63B0C86E2A15C998002F1E77 /* Assets.xcassets */,
				63B0C8702A15C998002F1E77 /* Preview Content */,
			);
			path = PrefectureCompatibilityChecker;
			sourceTree = "<group>";
		};
		63B0C8702A15C998002F1E77 /* Preview Content */ = {
			isa = PBXGroup;
			children = (
				63B0C8712A15C998002F1E77 /* Preview Assets.xcassets */,
			);
			path = "Preview Content";
			sourceTree = "<group>";
		};
		63B0C87C2A1625C8002F1E77 /* Models */ = {
			isa = PBXGroup;
			children = (
				63B0C87D2A162628002F1E77 /* Person.swift */,
				63B0C87F2A162637002F1E77 /* FortuneResult.swift */,
				63B0C8832A170A5A002F1E77 /* PrefectureCompatibilityChecker.swift */,
			);
			path = Models;
			sourceTree = "<group>";
		};
/* End PBXGroup section */

/* Begin PBXNativeTarget section */
		63B0C8662A15C996002F1E77 /* PrefectureCompatibilityChecker */ = {
			isa = PBXNativeTarget;
			buildConfigurationList = 63B0C8752A15C998002F1E77 /* Build configuration list for PBXNativeTarget "PrefectureCompatibilityChecker" */;
			buildPhases = (
				63B0C8632A15C996002F1E77 /* Sources */,
				63B0C8642A15C996002F1E77 /* Frameworks */,
				63B0C8652A15C996002F1E77 /* Resources */,
			);
			buildRules = (
			);
			dependencies = (
			);
			name = PrefectureCompatibilityChecker;
			productName = PrefectureCompatibilityChecker;
			productReference = 63B0C8672A15C996002F1E77 /* PrefectureCompatibilityChecker.app */;
			productType = "com.apple.product-type.application";
		};
/* End PBXNativeTarget section */

/* Begin PBXProject section */
		63B0C85F2A15C996002F1E77 /* Project object */ = {
			isa = PBXProject;
			attributes = {
				BuildIndependentTargetsInParallel = 1;
				LastSwiftUpdateCheck = 1430;
				LastUpgradeCheck = 1430;
				TargetAttributes = {
					63B0C8662A15C996002F1E77 = {
						CreatedOnToolsVersion = 14.3;
					};
				};
			};
			buildConfigurationList = 63B0C8622A15C996002F1E77 /* Build configuration list for PBXProject "PrefectureCompatibilityChecker" */;
			compatibilityVersion = "Xcode 14.0";
			developmentRegion = en;
			hasScannedForEncodings = 0;
			knownRegions = (
				en,
				Base,
			);
			mainGroup = 63B0C85E2A15C996002F1E77;
			productRefGroup = 63B0C8682A15C996002F1E77 /* Products */;
			projectDirPath = "";
			projectRoot = "";
			targets = (
				63B0C8662A15C996002F1E77 /* PrefectureCompatibilityChecker */,
			);
		};
/* End PBXProject section */

/* Begin PBXResourcesBuildPhase section */
		63B0C8652A15C996002F1E77 /* Resources */ = {
			isa = PBXResourcesBuildPhase;
			buildActionMask = 2147483647;
			files = (
				63B0C8722A15C998002F1E77 /* Preview Assets.xcassets in Resources */,
				636156F52A19E641003DB696 /* ResultSample.json in Resources */,
				63B0C87B2A15CC70002F1E77 /* .gitignore in Resources */,
				63B0C86F2A15C998002F1E77 /* Assets.xcassets in Resources */,
				636156F32A19E620003DB696 /* PostSample.json in Resources */,
			);
			runOnlyForDeploymentPostprocessing = 0;
		};
/* End PBXResourcesBuildPhase section */

/* Begin PBXSourcesBuildPhase section */
		63B0C8632A15C996002F1E77 /* Sources */ = {
			isa = PBXSourcesBuildPhase;
			buildActionMask = 2147483647;
			files = (
				63B0C8802A162637002F1E77 /* FortuneResult.swift in Sources */,
				63B0C8842A170A5A002F1E77 /* PrefectureCompatibilityChecker.swift in Sources */,
				636156EE2A19E3FA003DB696 /* PersonInputView.swift in Sources */,
				63B0C87E2A162628002F1E77 /* Person.swift in Sources */,
				63B0C86D2A15C996002F1E77 /* ContentView.swift in Sources */,
				636156F02A19E408003DB696 /* ResultView.swift in Sources */,
				63E8FE7F2A1B409100FC5F17 /* ViewModel.swift in Sources */,
				63B0C86B2A15C996002F1E77 /* PrefectureCompatibilityCheckerApp.swift in Sources */,
			);
			runOnlyForDeploymentPostprocessing = 0;
		};
/* End PBXSourcesBuildPhase section */

/* Begin XCBuildConfiguration section */
		63B0C8732A15C998002F1E77 /* Debug */ = {
			isa = XCBuildConfiguration;
			buildSettings = {
				ALWAYS_SEARCH_USER_PATHS = NO;
				CLANG_ANALYZER_NONNULL = YES;
				CLANG_ANALYZER_NUMBER_OBJECT_CONVERSION = YES_AGGRESSIVE;
				CLANG_CXX_LANGUAGE_STANDARD = "gnu++20";
				CLANG_ENABLE_MODULES = YES;
				CLANG_ENABLE_OBJC_ARC = YES;
				CLANG_ENABLE_OBJC_WEAK = YES;
				CLANG_WARN_BLOCK_CAPTURE_AUTORELEASING = YES;
				CLANG_WARN_BOOL_CONVERSION = YES;
				CLANG_WARN_COMMA = YES;
				CLANG_WARN_CONSTANT_CONVERSION = YES;
				CLANG_WARN_DEPRECATED_OBJC_IMPLEMENTATIONS = YES;
				CLANG_WARN_DIRECT_OBJC_ISA_USAGE = YES_ERROR;
				CLANG_WARN_DOCUMENTATION_COMMENTS = YES;
				CLANG_WARN_EMPTY_BODY = YES;
				CLANG_WARN_ENUM_CONVERSION = YES;
				CLANG_WARN_INFINITE_RECURSION = YES;
				CLANG_WARN_INT_CONVERSION = YES;
				CLANG_WARN_NON_LITERAL_NULL_CONVERSION = YES;
				CLANG_WARN_OBJC_IMPLICIT_RETAIN_SELF = YES;
				CLANG_WARN_OBJC_LITERAL_CONVERSION = YES;
				CLANG_WARN_OBJC_ROOT_CLASS = YES_ERROR;
				CLANG_WARN_QUOTED_INCLUDE_IN_FRAMEWORK_HEADER = YES;
				CLANG_WARN_RANGE_LOOP_ANALYSIS = YES;
				CLANG_WARN_STRICT_PROTOTYPES = YES;
				CLANG_WARN_SUSPICIOUS_MOVE = YES;
				CLANG_WARN_UNGUARDED_AVAILABILITY = YES_AGGRESSIVE;
				CLANG_WARN_UNREACHABLE_CODE = YES;
				CLANG_WARN__DUPLICATE_METHOD_MATCH = YES;
				COPY_PHASE_STRIP = NO;
				DEBUG_INFORMATION_FORMAT = dwarf;
				ENABLE_STRICT_OBJC_MSGSEND = YES;
				ENABLE_TESTABILITY = YES;
				GCC_C_LANGUAGE_STANDARD = gnu11;
				GCC_DYNAMIC_NO_PIC = NO;
				GCC_NO_COMMON_BLOCKS = YES;
				GCC_OPTIMIZATION_LEVEL = 0;
				GCC_PREPROCESSOR_DEFINITIONS = (
					"DEBUG=1",
					"$(inherited)",
				);
				GCC_WARN_64_TO_32_BIT_CONVERSION = YES;
				GCC_WARN_ABOUT_RETURN_TYPE = YES_ERROR;
				GCC_WARN_UNDECLARED_SELECTOR = YES;
				GCC_WARN_UNINITIALIZED_AUTOS = YES_AGGRESSIVE;
				GCC_WARN_UNUSED_FUNCTION = YES;
				GCC_WARN_UNUSED_VARIABLE = YES;
				IPHONEOS_DEPLOYMENT_TARGET = 16.4;
				MTL_ENABLE_DEBUG_INFO = INCLUDE_SOURCE;
				MTL_FAST_MATH = YES;
				ONLY_ACTIVE_ARCH = YES;
				SDKROOT = iphoneos;
				SWIFT_ACTIVE_COMPILATION_CONDITIONS = DEBUG;
				SWIFT_OPTIMIZATION_LEVEL = "-Onone";
			};
			name = Debug;
		};
		63B0C8742A15C998002F1E77 /* Release */ = {
			isa = XCBuildConfiguration;
			buildSettings = {
				ALWAYS_SEARCH_USER_PATHS = NO;
				CLANG_ANALYZER_NONNULL = YES;
				CLANG_ANALYZER_NUMBER_OBJECT_CONVERSION = YES_AGGRESSIVE;
				CLANG_CXX_LANGUAGE_STANDARD = "gnu++20";
				CLANG_ENABLE_MODULES = YES;
				CLANG_ENABLE_OBJC_ARC = YES;
				CLANG_ENABLE_OBJC_WEAK = YES;
				CLANG_WARN_BLOCK_CAPTURE_AUTORELEASING = YES;
				CLANG_WARN_BOOL_CONVERSION = YES;
				CLANG_WARN_COMMA = YES;
				CLANG_WARN_CONSTANT_CONVERSION = YES;
				CLANG_WARN_DEPRECATED_OBJC_IMPLEMENTATIONS = YES;
				CLANG_WARN_DIRECT_OBJC_ISA_USAGE = YES_ERROR;
				CLANG_WARN_DOCUMENTATION_COMMENTS = YES;
				CLANG_WARN_EMPTY_BODY = YES;
				CLANG_WARN_ENUM_CONVERSION = YES;
				CLANG_WARN_INFINITE_RECURSION = YES;
				CLANG_WARN_INT_CONVERSION = YES;
				CLANG_WARN_NON_LITERAL_NULL_CONVERSION = YES;
				CLANG_WARN_OBJC_IMPLICIT_RETAIN_SELF = YES;
				CLANG_WARN_OBJC_LITERAL_CONVERSION = YES;
				CLANG_WARN_OBJC_ROOT_CLASS = YES_ERROR;
				CLANG_WARN_QUOTED_INCLUDE_IN_FRAMEWORK_HEADER = YES;
				CLANG_WARN_RANGE_LOOP_ANALYSIS = YES;
				CLANG_WARN_STRICT_PROTOTYPES = YES;
				CLANG_WARN_SUSPICIOUS_MOVE = YES;
				CLANG_WARN_UNGUARDED_AVAILABILITY = YES_AGGRESSIVE;
				CLANG_WARN_UNREACHABLE_CODE = YES;
				CLANG_WARN__DUPLICATE_METHOD_MATCH = YES;
				COPY_PHASE_STRIP = NO;
				DEBUG_INFORMATION_FORMAT = "dwarf-with-dsym";
				ENABLE_NS_ASSERTIONS = NO;
				ENABLE_STRICT_OBJC_MSGSEND = YES;
				GCC_C_LANGUAGE_STANDARD = gnu11;
				GCC_NO_COMMON_BLOCKS = YES;
				GCC_WARN_64_TO_32_BIT_CONVERSION = YES;
				GCC_WARN_ABOUT_RETURN_TYPE = YES_ERROR;
				GCC_WARN_UNDECLARED_SELECTOR = YES;
				GCC_WARN_UNINITIALIZED_AUTOS = YES_AGGRESSIVE;
				GCC_WARN_UNUSED_FUNCTION = YES;
				GCC_WARN_UNUSED_VARIABLE = YES;
				IPHONEOS_DEPLOYMENT_TARGET = 16.4;
				MTL_ENABLE_DEBUG_INFO = NO;
				MTL_FAST_MATH = YES;
				SDKROOT = iphoneos;
				SWIFT_COMPILATION_MODE = wholemodule;
				SWIFT_OPTIMIZATION_LEVEL = "-O";
				VALIDATE_PRODUCT = YES;
			};
			name = Release;
		};
		63B0C8762A15C998002F1E77 /* Debug */ = {
			isa = XCBuildConfiguration;
			buildSettings = {
				ASSETCATALOG_COMPILER_APPICON_NAME = AppIcon;
				ASSETCATALOG_COMPILER_GLOBAL_ACCENT_COLOR_NAME = AccentColor;
				CODE_SIGN_STYLE = Automatic;
				CURRENT_PROJECT_VERSION = 1;
				DEVELOPMENT_ASSET_PATHS = "\"PrefectureCompatibilityChecker/Preview Content\"";
				DEVELOPMENT_TEAM = 92ACM6N963;
				ENABLE_PREVIEWS = YES;
				GENERATE_INFOPLIST_FILE = YES;
				INFOPLIST_KEY_UIApplicationSceneManifest_Generation = YES;
				INFOPLIST_KEY_UIApplicationSupportsIndirectInputEvents = YES;
				INFOPLIST_KEY_UILaunchScreen_Generation = YES;
				INFOPLIST_KEY_UISupportedInterfaceOrientations_iPad = "UIInterfaceOrientationPortrait UIInterfaceOrientationPortraitUpsideDown UIInterfaceOrientationLandscapeLeft UIInterfaceOrientationLandscapeRight";
				INFOPLIST_KEY_UISupportedInterfaceOrientations_iPhone = "UIInterfaceOrientationPortrait UIInterfaceOrientationLandscapeLeft UIInterfaceOrientationLandscapeRight";
				LD_RUNPATH_SEARCH_PATHS = (
					"$(inherited)",
					"@executable_path/Frameworks",
				);
				MARKETING_VERSION = 1.0;
				PRODUCT_BUNDLE_IDENTIFIER = info.lattenote.PrefectureCompatibilityChecker;
				PRODUCT_NAME = "$(TARGET_NAME)";
				SWIFT_EMIT_LOC_STRINGS = YES;
				SWIFT_VERSION = 5.0;
				TARGETED_DEVICE_FAMILY = "1,2";
			};
			name = Debug;
		};
		63B0C8772A15C998002F1E77 /* Release */ = {
			isa = XCBuildConfiguration;
			buildSettings = {
				ASSETCATALOG_COMPILER_APPICON_NAME = AppIcon;
				ASSETCATALOG_COMPILER_GLOBAL_ACCENT_COLOR_NAME = AccentColor;
				CODE_SIGN_STYLE = Automatic;
				CURRENT_PROJECT_VERSION = 1;
				DEVELOPMENT_ASSET_PATHS = "\"PrefectureCompatibilityChecker/Preview Content\"";
				DEVELOPMENT_TEAM = 92ACM6N963;
				ENABLE_PREVIEWS = YES;
				GENERATE_INFOPLIST_FILE = YES;
				INFOPLIST_KEY_UIApplicationSceneManifest_Generation = YES;
				INFOPLIST_KEY_UIApplicationSupportsIndirectInputEvents = YES;
				INFOPLIST_KEY_UILaunchScreen_Generation = YES;
				INFOPLIST_KEY_UISupportedInterfaceOrientations_iPad = "UIInterfaceOrientationPortrait UIInterfaceOrientationPortraitUpsideDown UIInterfaceOrientationLandscapeLeft UIInterfaceOrientationLandscapeRight";
				INFOPLIST_KEY_UISupportedInterfaceOrientations_iPhone = "UIInterfaceOrientationPortrait UIInterfaceOrientationLandscapeLeft UIInterfaceOrientationLandscapeRight";
				LD_RUNPATH_SEARCH_PATHS = (
					"$(inherited)",
					"@executable_path/Frameworks",
				);
				MARKETING_VERSION = 1.0;
				PRODUCT_BUNDLE_IDENTIFIER = info.lattenote.PrefectureCompatibilityChecker;
				PRODUCT_NAME = "$(TARGET_NAME)";
				SWIFT_EMIT_LOC_STRINGS = YES;
				SWIFT_VERSION = 5.0;
				TARGETED_DEVICE_FAMILY = "1,2";
			};
			name = Release;
		};
/* End XCBuildConfiguration section */

/* Begin XCConfigurationList section */
		63B0C8622A15C996002F1E77 /* Build configuration list for PBXProject "PrefectureCompatibilityChecker" */ = {
			isa = XCConfigurationList;
			buildConfigurations = (
				63B0C8732A15C998002F1E77 /* Debug */,
				63B0C8742A15C998002F1E77 /* Release */,
			);
			defaultConfigurationIsVisible = 0;
			defaultConfigurationName = Release;
		};
		63B0C8752A15C998002F1E77 /* Build configuration list for PBXNativeTarget "PrefectureCompatibilityChecker" */ = {
			isa = XCConfigurationList;
			buildConfigurations = (
				63B0C8762A15C998002F1E77 /* Debug */,
				63B0C8772A15C998002F1E77 /* Release */,
			);
			defaultConfigurationIsVisible = 0;
			defaultConfigurationName = Release;
		};
/* End XCConfigurationList section */
	};
	rootObject = 63B0C85F2A15C996002F1E77 /* Project object */;
}
